Microsoft Visual Studio Solution File, Format Version 12.00
# Visual Studio 15
VisualStudioVersion = 15.0.26228.4
MinimumVisualStudioVersion = 10.0.40219.1
Project("{FAE04EC0-301F-11D3-BF4B-00C04F79EFBC}") = "InformedProteomics.Backend", "InformedProteomics.Backend\InformedProteomics.Backend.csproj", "{70A129AC-217A-4086-9ECB-63FF22289D90}"
	ProjectSection(ProjectDependencies) = postProject
		{DA126245-858B-4084-AB86-54FE1E10772E} = {DA126245-858B-4084-AB86-54FE1E10772E}
	EndProjectSection
EndProject
Project("{FAE04EC0-301F-11D3-BF4B-00C04F79EFBC}") = "InformedProteomics.Test", "InformedProteomics.Test\InformedProteomics.Test.csproj", "{800535C0-E5A3-4A05-8ED6-FDF02658D999}"
	ProjectSection(ProjectDependencies) = postProject
		{1586B333-5F3C-4E33-ABB9-6767EAC8FCD1} = {1586B333-5F3C-4E33-ABB9-6767EAC8FCD1}
		{70EFA57F-7566-4673-93C9-75CC85F8731D} = {70EFA57F-7566-4673-93C9-75CC85F8731D}
		{DFBECBAC-7FDA-4C78-9F4E-CC21C79A6DB6} = {DFBECBAC-7FDA-4C78-9F4E-CC21C79A6DB6}
		{B31C2AC2-88C6-43C9-B809-26B7547592FF} = {B31C2AC2-88C6-43C9-B809-26B7547592FF}
	EndProjectSection
EndProject
Project("{FAE04EC0-301F-11D3-BF4B-00C04F79EFBC}") = "InformedProteomics.TopDown", "InformedProteomics.TopDown\InformedProteomics.TopDown.csproj", "{97B9F853-1B2A-4101-AF09-68E0B4CF19EC}"
EndProject
Project("{FAE04EC0-301F-11D3-BF4B-00C04F79EFBC}") = "InformedProteomics.Scoring", "InformedProteomics.Scoring\InformedProteomics.Scoring.csproj", "{CF6A61B6-06E4-47D4-BE2C-0A4D8C4E018B}"
EndProject
Project("{FAE04EC0-301F-11D3-BF4B-00C04F79EFBC}") = "MSPathFinderT", "MSPathFinderT\MSPathFinderT.csproj", "{DFBECBAC-7FDA-4C78-9F4E-CC21C79A6DB6}"
	ProjectSection(ProjectDependencies) = postProject
		{97B9F853-1B2A-4101-AF09-68E0B4CF19EC} = {97B9F853-1B2A-4101-AF09-68E0B4CF19EC}
		{70A129AC-217A-4086-9ECB-63FF22289D90} = {70A129AC-217A-4086-9ECB-63FF22289D90}
	EndProjectSection
EndProject
Project("{FAE04EC0-301F-11D3-BF4B-00C04F79EFBC}") = "InformedProteomics.BottomUp", "InformedProteomics.BottomUp\InformedProteomics.BottomUp.csproj", "{70EFA57F-7566-4673-93C9-75CC85F8731D}"
EndProject
Project("{FAE04EC0-301F-11D3-BF4B-00C04F79EFBC}") = "MSPathFinder", "MSPathFinder\MSPathFinder.csproj", "{0DD71ED9-6BB8-4436-8459-8DF9ABC70236}"
EndProject
Project("{FAE04EC0-301F-11D3-BF4B-00C04F79EFBC}") = "PbfGen", "PbfGen\PbfGen.csproj", "{B31C2AC2-88C6-43C9-B809-26B7547592FF}"
	ProjectSection(ProjectDependencies) = postProject
		{70A129AC-217A-4086-9ECB-63FF22289D90} = {70A129AC-217A-4086-9ECB-63FF22289D90}
	EndProjectSection
EndProject
Project("{FAE04EC0-301F-11D3-BF4B-00C04F79EFBC}") = "ProMex", "ProMex\ProMex.csproj", "{1586B333-5F3C-4E33-ABB9-6767EAC8FCD1}"
EndProject
Project("{FAE04EC0-301F-11D3-BF4B-00C04F79EFBC}") = "SAIS", "SAIS\SAIS.csproj", "{DA126245-858B-4084-AB86-54FE1E10772E}"
EndProject
Project("{FAE04EC0-301F-11D3-BF4B-00C04F79EFBC}") = "InformedProteomics.FeatureFinding", "InformedProteomics.FeatureFinding\InformedProteomics.FeatureFinding.csproj", "{CC6E5E66-BFFC-4CF1-89C2-75620A165E1A}"
EndProject
Project("{2150E333-8FDC-42A3-9474-1A3956D46DE8}") = "Executables", "Executables", "{166A038F-C6E6-429B-8FE0-9F7D84785851}"
EndProject
Project("{FAE04EC0-301F-11D3-BF4B-00C04F79EFBC}") = "InformedProteomics.Tests.Base", "InformedProteomics.Tests.Base\InformedProteomics.Tests.Base.csproj", "{8EDF4429-251A-416D-BB68-93F227191BCF}"
EndProject
Project("{FAE04EC0-301F-11D3-BF4B-00C04F79EFBC}") = "InformedProteomics.Tests.FunctionalTests", "InformedProteomics.Tests.FunctionalTests\InformedProteomics.Tests.FunctionalTests.csproj", "{804ECD5C-E1C4-4C77-A9BE-FA2FD2C7E83F}"
EndProject
Project("{FAE04EC0-301F-11D3-BF4B-00C04F79EFBC}") = "InformedProteomics.Tests.UnitTests", "InformedProteomics.Tests.UnitTests\InformedProteomics.Tests.UnitTests.csproj", "{A7D227F1-9BC5-4D2A-B0FF-A0C34A7BFF19}"
EndProject
Project("{FAE04EC0-301F-11D3-BF4B-00C04F79EFBC}") = "InformedProteomics.Tests.DevTests", "InformedProteomics.Tests.DevTests\InformedProteomics.Tests.DevTests.csproj", "{5A4CA8A0-F4C9-4756-9166-C04E66A5BADA}"
EndProject
Project("{2150E333-8FDC-42A3-9474-1A3956D46DE8}") = "Tests", "Tests", "{BAB01DF1-A68A-4F98-9000-697CB1AB6B71}"
EndProject
Project("{FAE04EC0-301F-11D3-BF4B-00C04F79EFBC}") = "PromexAlign", "PromexAlign\PromexAlign.csproj", "{C2C569D4-41C4-4DCE-8191-9107CFBA59B8}"
EndProject
Global
	GlobalSection(SolutionConfigurationPlatforms) = preSolution
		Debug|Any CPU = Debug|Any CPU
		Release|Any CPU = Release|Any CPU
	EndGlobalSection
	GlobalSection(ProjectConfigurationPlatforms) = postSolution
		{70A129AC-217A-4086-9ECB-63FF22289D90}.Debug|Any CPU.ActiveCfg = Debug|Any CPU
		{70A129AC-217A-4086-9ECB-63FF22289D90}.Debug|Any CPU.Build.0 = Debug|Any CPU
		{70A129AC-217A-4086-9ECB-63FF22289D90}.Release|Any CPU.ActiveCfg = Release|Any CPU
		{70A129AC-217A-4086-9ECB-63FF22289D90}.Release|Any CPU.Build.0 = Release|Any CPU
		{800535C0-E5A3-4A05-8ED6-FDF02658D999}.Debug|Any CPU.ActiveCfg = Debug|Any CPU
		{800535C0-E5A3-4A05-8ED6-FDF02658D999}.Debug|Any CPU.Build.0 = Debug|Any CPU
		{800535C0-E5A3-4A05-8ED6-FDF02658D999}.Release|Any CPU.ActiveCfg = Release|Any CPU
		{800535C0-E5A3-4A05-8ED6-FDF02658D999}.Release|Any CPU.Build.0 = Release|Any CPU
		{97B9F853-1B2A-4101-AF09-68E0B4CF19EC}.Debug|Any CPU.ActiveCfg = Debug|Any CPU
		{97B9F853-1B2A-4101-AF09-68E0B4CF19EC}.Debug|Any CPU.Build.0 = Debug|Any CPU
		{97B9F853-1B2A-4101-AF09-68E0B4CF19EC}.Release|Any CPU.ActiveCfg = Release|Any CPU
		{97B9F853-1B2A-4101-AF09-68E0B4CF19EC}.Release|Any CPU.Build.0 = Release|Any CPU
		{CF6A61B6-06E4-47D4-BE2C-0A4D8C4E018B}.Debug|Any CPU.ActiveCfg = Debug|Any CPU
		{CF6A61B6-06E4-47D4-BE2C-0A4D8C4E018B}.Debug|Any CPU.Build.0 = Debug|Any CPU
		{CF6A61B6-06E4-47D4-BE2C-0A4D8C4E018B}.Release|Any CPU.ActiveCfg = Release|Any CPU
		{CF6A61B6-06E4-47D4-BE2C-0A4D8C4E018B}.Release|Any CPU.Build.0 = Release|Any CPU
		{DFBECBAC-7FDA-4C78-9F4E-CC21C79A6DB6}.Debug|Any CPU.ActiveCfg = Debug|Any CPU
		{DFBECBAC-7FDA-4C78-9F4E-CC21C79A6DB6}.Debug|Any CPU.Build.0 = Debug|Any CPU
		{DFBECBAC-7FDA-4C78-9F4E-CC21C79A6DB6}.Release|Any CPU.ActiveCfg = Release|Any CPU
		{DFBECBAC-7FDA-4C78-9F4E-CC21C79A6DB6}.Release|Any CPU.Build.0 = Release|Any CPU
		{70EFA57F-7566-4673-93C9-75CC85F8731D}.Debug|Any CPU.ActiveCfg = Debug|Any CPU
		{70EFA57F-7566-4673-93C9-75CC85F8731D}.Debug|Any CPU.Build.0 = Debug|Any CPU
		{70EFA57F-7566-4673-93C9-75CC85F8731D}.Release|Any CPU.ActiveCfg = Release|Any CPU
		{70EFA57F-7566-4673-93C9-75CC85F8731D}.Release|Any CPU.Build.0 = Release|Any CPU
		{0DD71ED9-6BB8-4436-8459-8DF9ABC70236}.Debug|Any CPU.ActiveCfg = Debug|Any CPU
		{0DD71ED9-6BB8-4436-8459-8DF9ABC70236}.Debug|Any CPU.Build.0 = Debug|Any CPU
		{0DD71ED9-6BB8-4436-8459-8DF9ABC70236}.Release|Any CPU.ActiveCfg = Release|Any CPU
		{0DD71ED9-6BB8-4436-8459-8DF9ABC70236}.Release|Any CPU.Build.0 = Release|Any CPU
		{B31C2AC2-88C6-43C9-B809-26B7547592FF}.Debug|Any CPU.ActiveCfg = Debug|Any CPU
		{B31C2AC2-88C6-43C9-B809-26B7547592FF}.Debug|Any CPU.Build.0 = Debug|Any CPU
		{B31C2AC2-88C6-43C9-B809-26B7547592FF}.Release|Any CPU.ActiveCfg = Release|Any CPU
		{B31C2AC2-88C6-43C9-B809-26B7547592FF}.Release|Any CPU.Build.0 = Release|Any CPU
		{1586B333-5F3C-4E33-ABB9-6767EAC8FCD1}.Debug|Any CPU.ActiveCfg = Debug|Any CPU
		{1586B333-5F3C-4E33-ABB9-6767EAC8FCD1}.Debug|Any CPU.Build.0 = Debug|Any CPU
		{1586B333-5F3C-4E33-ABB9-6767EAC8FCD1}.Release|Any CPU.ActiveCfg = Release|Any CPU
		{1586B333-5F3C-4E33-ABB9-6767EAC8FCD1}.Release|Any CPU.Build.0 = Release|Any CPU
		{DA126245-858B-4084-AB86-54FE1E10772E}.Debug|Any CPU.ActiveCfg = Debug|Any CPU
		{DA126245-858B-4084-AB86-54FE1E10772E}.Debug|Any CPU.Build.0 = Debug|Any CPU
		{DA126245-858B-4084-AB86-54FE1E10772E}.Release|Any CPU.ActiveCfg = Release|Any CPU
		{DA126245-858B-4084-AB86-54FE1E10772E}.Release|Any CPU.Build.0 = Release|Any CPU
		{CC6E5E66-BFFC-4CF1-89C2-75620A165E1A}.Debug|Any CPU.ActiveCfg = Debug|Any CPU
		{CC6E5E66-BFFC-4CF1-89C2-75620A165E1A}.Debug|Any CPU.Build.0 = Debug|Any CPU
		{CC6E5E66-BFFC-4CF1-89C2-75620A165E1A}.Release|Any CPU.ActiveCfg = Release|Any CPU
		{CC6E5E66-BFFC-4CF1-89C2-75620A165E1A}.Release|Any CPU.Build.0 = Release|Any CPU
		{8EDF4429-251A-416D-BB68-93F227191BCF}.Debug|Any CPU.ActiveCfg = Debug|Any CPU
		{8EDF4429-251A-416D-BB68-93F227191BCF}.Debug|Any CPU.Build.0 = Debug|Any CPU
		{8EDF4429-251A-416D-BB68-93F227191BCF}.Release|Any CPU.ActiveCfg = Release|Any CPU
		{8EDF4429-251A-416D-BB68-93F227191BCF}.Release|Any CPU.Build.0 = Release|Any CPU
		{804ECD5C-E1C4-4C77-A9BE-FA2FD2C7E83F}.Debug|Any CPU.ActiveCfg = Debug|Any CPU
		{804ECD5C-E1C4-4C77-A9BE-FA2FD2C7E83F}.Debug|Any CPU.Build.0 = Debug|Any CPU
		{804ECD5C-E1C4-4C77-A9BE-FA2FD2C7E83F}.Release|Any CPU.ActiveCfg = Release|Any CPU
		{804ECD5C-E1C4-4C77-A9BE-FA2FD2C7E83F}.Release|Any CPU.Build.0 = Release|Any CPU
		{A7D227F1-9BC5-4D2A-B0FF-A0C34A7BFF19}.Debug|Any CPU.ActiveCfg = Debug|Any CPU
		{A7D227F1-9BC5-4D2A-B0FF-A0C34A7BFF19}.Debug|Any CPU.Build.0 = Debug|Any CPU
		{A7D227F1-9BC5-4D2A-B0FF-A0C34A7BFF19}.Release|Any CPU.ActiveCfg = Release|Any CPU
		{A7D227F1-9BC5-4D2A-B0FF-A0C34A7BFF19}.Release|Any CPU.Build.0 = Release|Any CPU
		{5A4CA8A0-F4C9-4756-9166-C04E66A5BADA}.Debug|Any CPU.ActiveCfg = Debug|Any CPU
		{5A4CA8A0-F4C9-4756-9166-C04E66A5BADA}.Debug|Any CPU.Build.0 = Debug|Any CPU
		{5A4CA8A0-F4C9-4756-9166-C04E66A5BADA}.Release|Any CPU.ActiveCfg = Release|Any CPU
		{5A4CA8A0-F4C9-4756-9166-C04E66A5BADA}.Release|Any CPU.Build.0 = Release|Any CPU
		{C2C569D4-41C4-4DCE-8191-9107CFBA59B8}.Debug|Any CPU.ActiveCfg = Debug|Any CPU
		{C2C569D4-41C4-4DCE-8191-9107CFBA59B8}.Debug|Any CPU.Build.0 = Debug|Any CPU
		{C2C569D4-41C4-4DCE-8191-9107CFBA59B8}.Release|Any CPU.ActiveCfg = Release|Any CPU
		{C2C569D4-41C4-4DCE-8191-9107CFBA59B8}.Release|Any CPU.Build.0 = Release|Any CPU
	EndGlobalSection
	GlobalSection(SolutionProperties) = preSolution
		HideSolutionNode = FALSE
	EndGlobalSection
	GlobalSection(NestedProjects) = preSolution
		{800535C0-E5A3-4A05-8ED6-FDF02658D999} = {BAB01DF1-A68A-4F98-9000-697CB1AB6B71}
		{DFBECBAC-7FDA-4C78-9F4E-CC21C79A6DB6} = {166A038F-C6E6-429B-8FE0-9F7D84785851}
		{0DD71ED9-6BB8-4436-8459-8DF9ABC70236} = {166A038F-C6E6-429B-8FE0-9F7D84785851}
		{B31C2AC2-88C6-43C9-B809-26B7547592FF} = {166A038F-C6E6-429B-8FE0-9F7D84785851}
		{1586B333-5F3C-4E33-ABB9-6767EAC8FCD1} = {166A038F-C6E6-429B-8FE0-9F7D84785851}
		{8EDF4429-251A-416D-BB68-93F227191BCF} = {BAB01DF1-A68A-4F98-9000-697CB1AB6B71}
		{804ECD5C-E1C4-4C77-A9BE-FA2FD2C7E83F} = {BAB01DF1-A68A-4F98-9000-697CB1AB6B71}
		{A7D227F1-9BC5-4D2A-B0FF-A0C34A7BFF19} = {BAB01DF1-A68A-4F98-9000-697CB1AB6B71}
		{5A4CA8A0-F4C9-4756-9166-C04E66A5BADA} = {BAB01DF1-A68A-4F98-9000-697CB1AB6B71}
		{C2C569D4-41C4-4DCE-8191-9107CFBA59B8} = {166A038F-C6E6-429B-8FE0-9F7D84785851}
	EndGlobalSection
EndGlobal
